
Microsoft Visual Studio Solution File, Format Version 12.00
# Visual Studio Version 17
VisualStudioVersion = 17.1.32319.34
MinimumVisualStudioVersion = 10.0.40219.1
Project("{8BC9CEB8-8B4A-11D0-8D11-00A0C91BC942}") = "Pointers", "Pointers\Pointers.vcxproj", "{C2777822-E12F-41DE-8188-D1065C6DDA22}"
EndProject
Project("{8BC9CEB8-8B4A-11D0-8D11-00A0C91BC942}") = "transferParametrs", "transferParametrs\transferParametrs.vcxproj", "{5FC95833-3FFB-432C-823D-778B20998D84}"
EndProject
Project("{8BC9CEB8-8B4A-11D0-8D11-00A0C91BC942}") = "Reference", "Reference\Reference.vcxproj", "{3311EB9B-E8F8-43E1-A8A9-268B3401B93E}"
EndProject
Project("{8BC9CEB8-8B4A-11D0-8D11-00A0C91BC942}") = "Split", "Split\Split.vcxproj", "{D9ACB538-71FB-4EF2-8733-4EBEA16703BD}"
EndProject
Global
	GlobalSection(SolutionConfigurationPlatforms) = preSolution
		Debug|x64 = Debug|x64
		Debug|x86 = Debug|x86
		Release|x64 = Release|x64
		Release|x86 = Release|x86
	EndGlobalSection
	GlobalSection(ProjectConfigurationPlatforms) = postSolution
		{C2777822-E12F-41DE-8188-D1065C6DDA22}.Debug|x64.ActiveCfg = Debug|x64
		{C2777822-E12F-41DE-8188-D1065C6DDA22}.Debug|x64.Build.0 = Debug|x64
		{C2777822-E12F-41DE-8188-D1065C6DDA22}.Debug|x86.ActiveCfg = Debug|Win32
		{C2777822-E12F-41DE-8188-D1065C6DDA22}.Debug|x86.Build.0 = Debug|Win32
		{C2777822-E12F-41DE-8188-D1065C6DDA22}.Release|x64.ActiveCfg = Release|x64
		{C2777822-E12F-41DE-8188-D1065C6DDA22}.Release|x64.Build.0 = Release|x64
		{C2777822-E12F-41DE-8188-D1065C6DDA22}.Release|x86.ActiveCfg = Release|Win32
		{C2777822-E12F-41DE-8188-D1065C6DDA22}.Release|x86.Build.0 = Release|Win32
		{5FC95833-3FFB-432C-823D-778B20998D84}.Debug|x64.ActiveCfg = Debug|x64
		{5FC95833-3FFB-432C-823D-778B20998D84}.Debug|x64.Build.0 = Debug|x64
		{5FC95833-3FFB-432C-823D-778B20998D84}.Debug|x86.ActiveCfg = Debug|Win32
		{5FC95833-3FFB-432C-823D-778B20998D84}.Debug|x86.Build.0 = Debug|Win32
		{5FC95833-3FFB-432C-823D-778B20998D84}.Release|x64.ActiveCfg = Release|x64
		{5FC95833-3FFB-432C-823D-778B20998D84}.Release|x64.Build.0 = Release|x64
		{5FC95833-3FFB-432C-823D-778B20998D84}.Release|x86.ActiveCfg = Release|Win32
		{5FC95833-3FFB-432C-823D-778B20998D84}.Release|x86.Build.0 = Release|Win32
		{3311EB9B-E8F8-43E1-A8A9-268B3401B93E}.Debug|x64.ActiveCfg = Debug|x64
		{3311EB9B-E8F8-43E1-A8A9-268B3401B93E}.Debug|x64.Build.0 = Debug|x64
		{3311EB9B-E8F8-43E1-A8A9-268B3401B93E}.Debug|x86.ActiveCfg = Debug|Win32
		{3311EB9B-E8F8-43E1-A8A9-268B3401B93E}.Debug|x86.Build.0 = Debug|Win32
		{3311EB9B-E8F8-43E1-A8A9-268B3401B93E}.Release|x64.ActiveCfg = Release|x64
		{3311EB9B-E8F8-43E1-A8A9-268B3401B93E}.Release|x64.Build.0 = Release|x64
		{3311EB9B-E8F8-43E1-A8A9-268B3401B93E}.Release|x86.ActiveCfg = Release|Win32
		{3311EB9B-E8F8-43E1-A8A9-268B3401B93E}.Release|x86.Build.0 = Release|Win32
		{D9ACB538-71FB-4EF2-8733-4EBEA16703BD}.Debug|x64.ActiveCfg = Debug|x64
		{D9ACB538-71FB-4EF2-8733-4EBEA16703BD}.Debug|x64.Build.0 = Debug|x64
		{D9ACB538-71FB-4EF2-8733-4EBEA16703BD}.Debug|x86.ActiveCfg = Debug|Win32
		{D9ACB538-71FB-4EF2-8733-4EBEA16703BD}.Debug|x86.Build.0 = Debug|Win32
		{D9ACB538-71FB-4EF2-8733-4EBEA16703BD}.Release|x64.ActiveCfg = Release|x64
		{D9ACB538-71FB-4EF2-8733-4EBEA16703BD}.Release|x64.Build.0 = Release|x64
		{D9ACB538-71FB-4EF2-8733-4EBEA16703BD}.Release|x86.ActiveCfg = Release|Win32
		{D9ACB538-71FB-4EF2-8733-4EBEA16703BD}.Release|x86.Build.0 = Release|Win32
	EndGlobalSection
	GlobalSection(SolutionProperties) = preSolution
		HideSolutionNode = FALSE
	EndGlobalSection
	GlobalSection(ExtensibilityGlobals) = postSolution
		SolutionGuid = {5D0320AC-6A65-405E-8DF2-C07E4F1BD7B3}
	EndGlobalSection
EndGlobal
